// !$*UTF8*$!
{
	archiveVersion = 1;
	classes = {
	};
	objectVersion = 50;
	objects = {

/* Begin PBXBuildFile section */
		A3C9511525E199E5006C00E3 /* AppDelegate.swift in Sources */ = {isa = PBXBuildFile; fileRef = A3C9511425E199E5006C00E3 /* AppDelegate.swift */; };
		A3C9511725E199E5006C00E3 /* SceneDelegate.swift in Sources */ = {isa = PBXBuildFile; fileRef = A3C9511625E199E5006C00E3 /* SceneDelegate.swift */; };
		A3C9511925E199E5006C00E3 /* ViewController.swift in Sources */ = {isa = PBXBuildFile; fileRef = A3C9511825E199E5006C00E3 /* ViewController.swift */; };
		A3C9511C25E199E5006C00E3 /* Main.storyboard in Resources */ = {isa = PBXBuildFile; fileRef = A3C9511A25E199E5006C00E3 /* Main.storyboard */; };
		A3C9511F25E199E5006C00E3 /* Spotify.xcdatamodeld in Sources */ = {isa = PBXBuildFile; fileRef = A3C9511D25E199E5006C00E3 /* Spotify.xcdatamodeld */; };
		A3C9512125E199E6006C00E3 /* Assets.xcassets in Resources */ = {isa = PBXBuildFile; fileRef = A3C9512025E199E6006C00E3 /* Assets.xcassets */; };
		A3C9512425E199E6006C00E3 /* LaunchScreen.storyboard in Resources */ = {isa = PBXBuildFile; fileRef = A3C9512225E199E6006C00E3 /* LaunchScreen.storyboard */; };
		A3C9512F25E199E6006C00E3 /* SpotifyTests.swift in Sources */ = {isa = PBXBuildFile; fileRef = A3C9512E25E199E6006C00E3 /* SpotifyTests.swift */; };
		A3C9513A25E199E6006C00E3 /* SpotifyUITests.swift in Sources */ = {isa = PBXBuildFile; fileRef = A3C9513925E199E6006C00E3 /* SpotifyUITests.swift */; };
/* End PBXBuildFile section */

/* Begin PBXContainerItemProxy section */
		A3C9512B25E199E6006C00E3 /* PBXContainerItemProxy */ = {
			isa = PBXContainerItemProxy;
			containerPortal = A3C9510925E199E5006C00E3 /* Project object */;
			proxyType = 1;
			remoteGlobalIDString = A3C9511025E199E5006C00E3;
			remoteInfo = Spotify;
		};
		A3C9513625E199E6006C00E3 /* PBXContainerItemProxy */ = {
			isa = PBXContainerItemProxy;
			containerPortal = A3C9510925E199E5006C00E3 /* Project object */;
			proxyType = 1;
			remoteGlobalIDString = A3C9511025E199E5006C00E3;
			remoteInfo = Spotify;
		};
/* End PBXContainerItemProxy section */

/* Begin PBXFileReference section */
		A3C9511125E199E5006C00E3 /* Spotify.app */ = {isa = PBXFileReference; explicitFileType = wrapper.application; includeInIndex = 0; path = Spotify.app; sourceTree = BUILT_PRODUCTS_DIR; };
		A3C9511425E199E5006C00E3 /* AppDelegate.swift */ = {isa = PBXFileReference; lastKnownFileType = sourcecode.swift; path = AppDelegate.swift; sourceTree = "<group>"; };
		A3C9511625E199E5006C00E3 /* SceneDelegate.swift */ = {isa = PBXFileReference; lastKnownFileType = sourcecode.swift; path = SceneDelegate.swift; sourceTree = "<group>"; };
		A3C9511825E199E5006C00E3 /* ViewController.swift */ = {isa = PBXFileReference; lastKnownFileType = sourcecode.swift; path = ViewController.swift; sourceTree = "<group>"; };
		A3C9511B25E199E5006C00E3 /* Base */ = {isa = PBXFileReference; lastKnownFileType = file.storyboard; name = Base; path = Base.lproj/Main.storyboard; sourceTree = "<group>"; };
		A3C9511E25E199E5006C00E3 /* Spotify.xcdatamodel */ = {isa = PBXFileReference; lastKnownFileType = wrapper.xcdatamodel; path = Spotify.xcdatamodel; sourceTree = "<group>"; };
		A3C9512025E199E6006C00E3 /* Assets.xcassets */ = {isa = PBXFileReference; lastKnownFileType = folder.assetcatalog; path = Assets.xcassets; sourceTree = "<group>"; };
		A3C9512325E199E6006C00E3 /* Base */ = {isa = PBXFileReference; lastKnownFileType = file.storyboard; name = Base; path = Base.lproj/LaunchScreen.storyboard; sourceTree = "<group>"; };
		A3C9512525E199E6006C00E3 /* Info.plist */ = {isa = PBXFileReference; lastKnownFileType = text.plist.xml; path = Info.plist; sourceTree = "<group>"; };
		A3C9512A25E199E6006C00E3 /* SpotifyTests.xctest */ = {isa = PBXFileReference; explicitFileType = wrapper.cfbundle; includeInIndex = 0; path = SpotifyTests.xctest; sourceTree = BUILT_PRODUCTS_DIR; };
		A3C9512E25E199E6006C00E3 /* SpotifyTests.swift */ = {isa = PBXFileReference; lastKnownFileType = sourcecode.swift; path = SpotifyTests.swift; sourceTree = "<group>"; };
		A3C9513025E199E6006C00E3 /* Info.plist */ = {isa = PBXFileReference; lastKnownFileType = text.plist.xml; path = Info.plist; sourceTree = "<group>"; };
		A3C9513525E199E6006C00E3 /* SpotifyUITests.xctest */ = {isa = PBXFileReference; explicitFileType = wrapper.cfbundle; includeInIndex = 0; path = SpotifyUITests.xctest; sourceTree = BUILT_PRODUCTS_DIR; };
		A3C9513925E199E6006C00E3 /* SpotifyUITests.swift */ = {isa = PBXFileReference; lastKnownFileType = sourcecode.swift; path = SpotifyUITests.swift; sourceTree = "<group>"; };
		A3C9513B25E199E6006C00E3 /* Info.plist */ = {isa = PBXFileReference; lastKnownFileType = text.plist.xml; path = Info.plist; sourceTree = "<group>"; };
/* End PBXFileReference section */

/* Begin PBXFrameworksBuildPhase section */
		A3C9510E25E199E5006C00E3 /* Frameworks */ = {
			isa = PBXFrameworksBuildPhase;
			buildActionMask = 2147483647;
			files = (
			);
			runOnlyForDeploymentPostprocessing = 0;
		};
		A3C9512725E199E6006C00E3 /* Frameworks */ = {
			isa = PBXFrameworksBuildPhase;
			buildActionMask = 2147483647;
			files = (
			);
			runOnlyForDeploymentPostprocessing = 0;
		};
		A3C9513225E199E6006C00E3 /* Frameworks */ = {
			isa = PBXFrameworksBuildPhase;
			buildActionMask = 2147483647;
			files = (
			);
			runOnlyForDeploymentPostprocessing = 0;
		};
/* End PBXFrameworksBuildPhase section */

/* Begin PBXGroup section */
		A3C9510825E199E5006C00E3 = {
			isa = PBXGroup;
			children = (
				A3C9511325E199E5006C00E3 /* Spotify */,
				A3C9512D25E199E6006C00E3 /* SpotifyTests */,
				A3C9513825E199E6006C00E3 /* SpotifyUITests */,
				A3C9511225E199E5006C00E3 /* Products */,
			);
			sourceTree = "<group>";
		};
		A3C9511225E199E5006C00E3 /* Products */ = {
			isa = PBXGroup;
			children = (
				A3C9511125E199E5006C00E3 /* Spotify.app */,
				A3C9512A25E199E6006C00E3 /* SpotifyTests.xctest */,
				A3C9513525E199E6006C00E3 /* SpotifyUITests.xctest */,
			);
			name = Products;
			sourceTree = "<group>";
		};
		A3C9511325E199E5006C00E3 /* Spotify */ = {
			isa = PBXGroup;
			children = (
				A3C9511425E199E5006C00E3 /* AppDelegate.swift */,
				A3C9511625E199E5006C00E3 /* SceneDelegate.swift */,
				A3C9511825E199E5006C00E3 /* ViewController.swift */,
				A3C9511A25E199E5006C00E3 /* Main.storyboard */,
				A3C9512025E199E6006C00E3 /* Assets.xcassets */,
				A3C9512225E199E6006C00E3 /* LaunchScreen.storyboard */,
				A3C9512525E199E6006C00E3 /* Info.plist */,
				A3C9511D25E199E5006C00E3 /* Spotify.xcdatamodeld */,
			);
			path = Spotify;
			sourceTree = "<group>";
		};
		A3C9512D25E199E6006C00E3 /* SpotifyTests */ = {
			isa = PBXGroup;
			children = (
				A3C9512E25E199E6006C00E3 /* SpotifyTests.swift */,
				A3C9513025E199E6006C00E3 /* Info.plist */,
			);
			path = SpotifyTests;
			sourceTree = "<group>";
		};
		A3C9513825E199E6006C00E3 /* SpotifyUITests */ = {
			isa = PBXGroup;
			children = (
				A3C9513925E199E6006C00E3 /* SpotifyUITests.swift */,
				A3C9513B25E199E6006C00E3 /* Info.plist */,
			);
			path = SpotifyUITests;
			sourceTree = "<group>";
		};
/* End PBXGroup section */

/* Begin PBXNativeTarget section */
		A3C9511025E199E5006C00E3 /* Spotify */ = {
			isa = PBXNativeTarget;
			buildConfigurationList = A3C9513E25E199E6006C00E3 /* Build configuration list for PBXNativeTarget "Spotify" */;
			buildPhases = (
				A3C9510D25E199E5006C00E3 /* Sources */,
				A3C9510E25E199E5006C00E3 /* Frameworks */,
				A3C9510F25E199E5006C00E3 /* Resources */,
			);
			buildRules = (
			);
			dependencies = (
			);
			name = Spotify;
			productName = Spotify;
			productReference = A3C9511125E199E5006C00E3 /* Spotify.app */;
			productType = "com.apple.product-type.application";
		};
		A3C9512925E199E6006C00E3 /* SpotifyTests */ = {
			isa = PBXNativeTarget;
			buildConfigurationList = A3C9514125E199E6006C00E3 /* Build configuration list for PBXNativeTarget "SpotifyTests" */;
			buildPhases = (
				A3C9512625E199E6006C00E3 /* Sources */,
				A3C9512725E199E6006C00E3 /* Frameworks */,
				A3C9512825E199E6006C00E3 /* Resources */,
			);
			buildRules = (
			);
			dependencies = (
				A3C9512C25E199E6006C00E3 /* PBXTargetDependency */,
			);
			name = SpotifyTests;
			productName = SpotifyTests;
			productReference = A3C9512A25E199E6006C00E3 /* SpotifyTests.xctest */;
			productType = "com.apple.product-type.bundle.unit-test";
		};
		A3C9513425E199E6006C00E3 /* SpotifyUITests */ = {
			isa = PBXNativeTarget;
			buildConfigurationList = A3C9514425E199E6006C00E3 /* Build configuration list for PBXNativeTarget "SpotifyUITests" */;
			buildPhases = (
				A3C9513125E199E6006C00E3 /* Sources */,
				A3C9513225E199E6006C00E3 /* Frameworks */,
				A3C9513325E199E6006C00E3 /* Resources */,
			);
			buildRules = (
			);
			dependencies = (
				A3C9513725E199E6006C00E3 /* PBXTargetDependency */,
			);
			name = SpotifyUITests;
			productName = SpotifyUITests;
			productReference = A3C9513525E199E6006C00E3 /* SpotifyUITests.xctest */;
			productType = "com.apple.product-type.bundle.ui-testing";
		};
/* End PBXNativeTarget section */

/* Begin PBXProject section */
		A3C9510925E199E5006C00E3 /* Project object */ = {
			isa = PBXProject;
			attributes = {
				LastSwiftUpdateCheck = 1230;
				LastUpgradeCheck = 1230;
				TargetAttributes = {
					A3C9511025E199E5006C00E3 = {
						CreatedOnToolsVersion = 12.3;
					};
					A3C9512925E199E6006C00E3 = {
						CreatedOnToolsVersion = 12.3;
						TestTargetID = A3C9511025E199E5006C00E3;
					};
					A3C9513425E199E6006C00E3 = {
						CreatedOnToolsVersion = 12.3;
						TestTargetID = A3C9511025E199E5006C00E3;
					};
				};
			};
			buildConfigurationList = A3C9510C25E199E5006C00E3 /* Build configuration list for PBXProject "Spotify" */;
			compatibilityVersion = "Xcode 9.3";
			developmentRegion = en;
			hasScannedForEncodings = 0;
			knownRegions = (
				en,
				Base,
			);
			mainGroup = A3C9510825E199E5006C00E3;
			productRefGroup = A3C9511225E199E5006C00E3 /* Products */;
			projectDirPath = "";
			projectRoot = "";
			targets = (
				A3C9511025E199E5006C00E3 /* Spotify */,
				A3C9512925E199E6006C00E3 /* SpotifyTests */,
				A3C9513425E199E6006C00E3 /* SpotifyUITests */,
			);
		};
/* End PBXProject section */

/* Begin PBXResourcesBuildPhase section */
		A3C9510F25E199E5006C00E3 /* Resources */ = {
			isa = PBXResourcesBuildPhase;
			buildActionMask = 2147483647;
			files = (
				A3C9512425E199E6006C00E3 /* LaunchScreen.storyboard in Resources */,
				A3C9512125E199E6006C00E3 /* Assets.xcassets in Resources */,
				A3C9511C25E199E5006C00E3 /* Main.storyboard in Resources */,
			);
			runOnlyForDeploymentPostprocessing = 0;
		};
		A3C9512825E199E6006C00E3 /* Resources */ = {
			isa = PBXResourcesBuildPhase;
			buildActionMask = 2147483647;
			files = (
			);
			runOnlyForDeploymentPostprocessing = 0;
		};
		A3C9513325E199E6006C00E3 /* Resources */ = {
			isa = PBXResourcesBuildPhase;
			buildActionMask = 2147483647;
			files = (
			);
			runOnlyForDeploymentPostprocessing = 0;
		};
/* End PBXResourcesBuildPhase section */

/* Begin PBXSourcesBuildPhase section */
		A3C9510D25E199E5006C00E3 /* Sources */ = {
			isa = PBXSourcesBuildPhase;
			buildActionMask = 2147483647;
			files = (
				A3C9511925E199E5006C00E3 /* ViewController.swift in Sources */,
				A3C9511525E199E5006C00E3 /* AppDelegate.swift in Sources */,
				A3C9511F25E199E5006C00E3 /* Spotify.xcdatamodeld in Sources */,
				A3C9511725E199E5006C00E3 /* SceneDelegate.swift in Sources */,
			);
			runOnlyForDeploymentPostprocessing = 0;
		};
		A3C9512625E199E6006C00E3 /* Sources */ = {
			isa = PBXSourcesBuildPhase;
			buildActionMask = 2147483647;
			files = (
				A3C9512F25E199E6006C00E3 /* SpotifyTests.swift in Sources */,
			);
			runOnlyForDeploymentPostprocessing = 0;
		};
		A3C9513125E199E6006C00E3 /* Sources */ = {
			isa = PBXSourcesBuildPhase;
			buildActionMask = 2147483647;
			files = (
				A3C9513A25E199E6006C00E3 /* SpotifyUITests.swift in Sources */,
			);
			runOnlyForDeploymentPostprocessing = 0;
		};
/* End PBXSourcesBuildPhase section */

/* Begin PBXTargetDependency section */
		A3C9512C25E199E6006C00E3 /* PBXTargetDependency */ = {
			isa = PBXTargetDependency;
			target = A3C9511025E199E5006C00E3 /* Spotify */;
			targetProxy = A3C9512B25E199E6006C00E3 /* PBXContainerItemProxy */;
		};
		A3C9513725E199E6006C00E3 /* PBXTargetDependency */ = {
			isa = PBXTargetDependency;
			target = A3C9511025E199E5006C00E3 /* Spotify */;
			targetProxy = A3C9513625E199E6006C00E3 /* PBXContainerItemProxy */;
		};
/* End PBXTargetDependency section */

/* Begin PBXVariantGroup section */
		A3C9511A25E199E5006C00E3 /* Main.storyboard */ = {
			isa = PBXVariantGroup;
			children = (
				A3C9511B25E199E5006C00E3 /* Base */,
			);
			name = Main.storyboard;
			sourceTree = "<group>";
		};
		A3C9512225E199E6006C00E3 /* LaunchScreen.storyboard */ = {
			isa = PBXVariantGroup;
			children = (
				A3C9512325E199E6006C00E3 /* Base */,
			);
			name = LaunchScreen.storyboard;
			sourceTree = "<group>";
		};
/* End PBXVariantGroup section */

/* Begin XCBuildConfiguration section */
		A3C9513C25E199E6006C00E3 /* Debug */ = {
			isa = XCBuildConfiguration;
			buildSettings = {
				ALWAYS_SEARCH_USER_PATHS = NO;
				CLANG_ANALYZER_NONNULL = YES;
				CLANG_ANALYZER_NUMBER_OBJECT_CONVERSION = YES_AGGRESSIVE;
				CLANG_CXX_LANGUAGE_STANDARD = "gnu++14";
				CLANG_CXX_LIBRARY = "libc++";
				CLANG_ENABLE_MODULES = YES;
				CLANG_ENABLE_OBJC_ARC = YES;
				CLANG_ENABLE_OBJC_WEAK = YES;
				CLANG_WARN_BLOCK_CAPTURE_AUTORELEASING = YES;
				CLANG_WARN_BOOL_CONVERSION = YES;
				CLANG_WARN_COMMA = YES;
				CLANG_WARN_CONSTANT_CONVERSION = YES;
				CLANG_WARN_DEPRECATED_OBJC_IMPLEMENTATIONS = YES;
				CLANG_WARN_DIRECT_OBJC_ISA_USAGE = YES_ERROR;
				CLANG_WARN_DOCUMENTATION_COMMENTS = YES;
				CLANG_WARN_EMPTY_BODY = YES;
				CLANG_WARN_ENUM_CONVERSION = YES;
				CLANG_WARN_INFINITE_RECURSION = YES;
				CLANG_WARN_INT_CONVERSION = YES;
				CLANG_WARN_NON_LITERAL_NULL_CONVERSION = YES;
				CLANG_WARN_OBJC_IMPLICIT_RETAIN_SELF = YES;
				CLANG_WARN_OBJC_LITERAL_CONVERSION = YES;
				CLANG_WARN_OBJC_ROOT_CLASS = YES_ERROR;
				CLANG_WARN_QUOTED_INCLUDE_IN_FRAMEWORK_HEADER = YES;
				CLANG_WARN_RANGE_LOOP_ANALYSIS = YES;
				CLANG_WARN_STRICT_PROTOTYPES = YES;
				CLANG_WARN_SUSPICIOUS_MOVE = YES;
				CLANG_WARN_UNGUARDED_AVAILABILITY = YES_AGGRESSIVE;
				CLANG_WARN_UNREACHABLE_CODE = YES;
				CLANG_WARN__DUPLICATE_METHOD_MATCH = YES;
				COPY_PHASE_STRIP = NO;
				DEBUG_INFORMATION_FORMAT = dwarf;
				ENABLE_STRICT_OBJC_MSGSEND = YES;
				ENABLE_TESTABILITY = YES;
				GCC_C_LANGUAGE_STANDARD = gnu11;
				GCC_DYNAMIC_NO_PIC = NO;
				GCC_NO_COMMON_BLOCKS = YES;
				GCC_OPTIMIZATION_LEVEL = 0;
				GCC_PREPROCESSOR_DEFINITIONS = (
					"DEBUG=1",
					"$(inherited)",
				);
				GCC_WARN_64_TO_32_BIT_CONVERSION = YES;
				GCC_WARN_ABOUT_RETURN_TYPE = YES_ERROR;
				GCC_WARN_UNDECLARED_SELECTOR = YES;
				GCC_WARN_UNINITIALIZED_AUTOS = YES_AGGRESSIVE;
				GCC_WARN_UNUSED_FUNCTION = YES;
				GCC_WARN_UNUSED_VARIABLE = YES;
				IPHONEOS_DEPLOYMENT_TARGET = 14.3;
				MTL_ENABLE_DEBUG_INFO = INCLUDE_SOURCE;
				MTL_FAST_MATH = YES;
				ONLY_ACTIVE_ARCH = YES;
				SDKROOT = iphoneos;
				SWIFT_ACTIVE_COMPILATION_CONDITIONS = DEBUG;
				SWIFT_OPTIMIZATION_LEVEL = "-Onone";
			};
			name = Debug;
		};
		A3C9513D25E199E6006C00E3 /* Release */ = {
			isa = XCBuildConfiguration;
			buildSettings = {
				ALWAYS_SEARCH_USER_PATHS = NO;
				CLANG_ANALYZER_NONNULL = YES;
				CLANG_ANALYZER_NUMBER_OBJECT_CONVERSION = YES_AGGRESSIVE;
				CLANG_CXX_LANGUAGE_STANDARD = "gnu++14";
				CLANG_CXX_LIBRARY = "libc++";
				CLANG_ENABLE_MODULES = YES;
				CLANG_ENABLE_OBJC_ARC = YES;
				CLANG_ENABLE_OBJC_WEAK = YES;
				CLANG_WARN_BLOCK_CAPTURE_AUTORELEASING = YES;
				CLANG_WARN_BOOL_CONVERSION = YES;
				CLANG_WARN_COMMA = YES;
				CLANG_WARN_CONSTANT_CONVERSION = YES;
				CLANG_WARN_DEPRECATED_OBJC_IMPLEMENTATIONS = YES;
				CLANG_WARN_DIRECT_OBJC_ISA_USAGE = YES_ERROR;
				CLANG_WARN_DOCUMENTATION_COMMENTS = YES;
				CLANG_WARN_EMPTY_BODY = YES;
				CLANG_WARN_ENUM_CONVERSION = YES;
				CLANG_WARN_INFINITE_RECURSION = YES;
				CLANG_WARN_INT_CONVERSION = YES;
				CLANG_WARN_NON_LITERAL_NULL_CONVERSION = YES;
				CLANG_WARN_OBJC_IMPLICIT_RETAIN_SELF = YES;
				CLANG_WARN_OBJC_LITERAL_CONVERSION = YES;
				CLANG_WARN_OBJC_ROOT_CLASS = YES_ERROR;
				CLANG_WARN_QUOTED_INCLUDE_IN_FRAMEWORK_HEADER = YES;
				CLANG_WARN_RANGE_LOOP_ANALYSIS = YES;
				CLANG_WARN_STRICT_PROTOTYPES = YES;
				CLANG_WARN_SUSPICIOUS_MOVE = YES;
				CLANG_WARN_UNGUARDED_AVAILABILITY = YES_AGGRESSIVE;
				CLANG_WARN_UNREACHABLE_CODE = YES;
				CLANG_WARN__DUPLICATE_METHOD_MATCH = YES;
				COPY_PHASE_STRIP = NO;
				DEBUG_INFORMATION_FORMAT = "dwarf-with-dsym";
				ENABLE_NS_ASSERTIONS = NO;
				ENABLE_STRICT_OBJC_MSGSEND = YES;
				GCC_C_LANGUAGE_STANDARD = gnu11;
				GCC_NO_COMMON_BLOCKS = YES;
				GCC_WARN_64_TO_32_BIT_CONVERSION = YES;
				GCC_WARN_ABOUT_RETURN_TYPE = YES_ERROR;
				GCC_WARN_UNDECLARED_SELECTOR = YES;
				GCC_WARN_UNINITIALIZED_AUTOS = YES_AGGRESSIVE;
				GCC_WARN_UNUSED_FUNCTION = YES;
				GCC_WARN_UNUSED_VARIABLE = YES;
				IPHONEOS_DEPLOYMENT_TARGET = 14.3;
				MTL_ENABLE_DEBUG_INFO = NO;
				MTL_FAST_MATH = YES;
				SDKROOT = iphoneos;
				SWIFT_COMPILATION_MODE = wholemodule;
				SWIFT_OPTIMIZATION_LEVEL = "-O";
				VALIDATE_PRODUCT = YES;
			};
			name = Release;
		};
		A3C9513F25E199E6006C00E3 /* Debug */ = {
			isa = XCBuildConfiguration;
			buildSettings = {
				ASSETCATALOG_COMPILER_APPICON_NAME = AppIcon;
				ASSETCATALOG_COMPILER_GLOBAL_ACCENT_COLOR_NAME = AccentColor;
				CODE_SIGN_STYLE = Automatic;
				INFOPLIST_FILE = Spotify/Info.plist;
				LD_RUNPATH_SEARCH_PATHS = (
					"$(inherited)",
					"@executable_path/Frameworks",
				);
				PRODUCT_BUNDLE_IDENTIFIER = com.abhi.GITProj.Spotify;
				PRODUCT_NAME = "$(TARGET_NAME)";
				SWIFT_VERSION = 5.0;
				TARGETED_DEVICE_FAMILY = "1,2";
			};
			name = Debug;
		};
		A3C9514025E199E6006C00E3 /* Release */ = {
			isa = XCBuildConfiguration;
			buildSettings = {
				ASSETCATALOG_COMPILER_APPICON_NAME = AppIcon;
				ASSETCATALOG_COMPILER_GLOBAL_ACCENT_COLOR_NAME = AccentColor;
				CODE_SIGN_STYLE = Automatic;
				INFOPLIST_FILE = Spotify/Info.plist;
				LD_RUNPATH_SEARCH_PATHS = (
					"$(inherited)",
					"@executable_path/Frameworks",
				);
				PRODUCT_BUNDLE_IDENTIFIER = com.abhi.GITProj.Spotify;
				PRODUCT_NAME = "$(TARGET_NAME)";
				SWIFT_VERSION = 5.0;
				TARGETED_DEVICE_FAMILY = "1,2";
			};
			name = Release;
		};
		A3C9514225E199E6006C00E3 /* Debug */ = {
			isa = XCBuildConfiguration;
			buildSettings = {
				ALWAYS_EMBED_SWIFT_STANDARD_LIBRARIES = YES;
				BUNDLE_LOADER = "$(TEST_HOST)";
				CODE_SIGN_STYLE = Automatic;
				INFOPLIST_FILE = SpotifyTests/Info.plist;
				IPHONEOS_DEPLOYMENT_TARGET = 14.3;
				LD_RUNPATH_SEARCH_PATHS = (
					"$(inherited)",
					"@executable_path/Frameworks",
					"@loader_path/Frameworks",
				);
				PRODUCT_BUNDLE_IDENTIFIER = com.abhi.GITProj.SpotifyTests;
				PRODUCT_NAME = "$(TARGET_NAME)";
				SWIFT_VERSION = 5.0;
				TARGETED_DEVICE_FAMILY = "1,2";
				TEST_HOST = "$(BUILT_PRODUCTS_DIR)/Spotify.app/Spotify";
			};
			name = Debug;
		};
		A3C9514325E199E6006C00E3 /* Release */ = {
			isa = XCBuildConfiguration;
			buildSettings = {
				ALWAYS_EMBED_SWIFT_STANDARD_LIBRARIES = YES;
				BUNDLE_LOADER = "$(TEST_HOST)";
				CODE_SIGN_STYLE = Automatic;
				INFOPLIST_FILE = SpotifyTests/Info.plist;
				IPHONEOS_DEPLOYMENT_TARGET = 14.3;
				LD_RUNPATH_SEARCH_PATHS = (
					"$(inherited)",
					"@executable_path/Frameworks",
					"@loader_path/Frameworks",
				);
				PRODUCT_BUNDLE_IDENTIFIER = com.abhi.GITProj.SpotifyTests;
				PRODUCT_NAME = "$(TARGET_NAME)";
				SWIFT_VERSION = 5.0;
				TARGETED_DEVICE_FAMILY = "1,2";
				TEST_HOST = "$(BUILT_PRODUCTS_DIR)/Spotify.app/Spotify";
			};
			name = Release;
		};
		A3C9514525E199E6006C00E3 /* Debug */ = {
			isa = XCBuildConfiguration;
			buildSettings = {
				ALWAYS_EMBED_SWIFT_STANDARD_LIBRARIES = YES;
				CODE_SIGN_STYLE = Automatic;
				INFOPLIST_FILE = SpotifyUITests/Info.plist;
				LD_RUNPATH_SEARCH_PATHS = (
					"$(inherited)",
					"@executable_path/Frameworks",
					"@loader_path/Frameworks",
				);
				PRODUCT_BUNDLE_IDENTIFIER = com.abhi.GITProj.SpotifyUITests;
				PRODUCT_NAME = "$(TARGET_NAME)";
				SWIFT_VERSION = 5.0;
				TARGETED_DEVICE_FAMILY = "1,2";
				TEST_TARGET_NAME = Spotify;
			};
			name = Debug;
		};
		A3C9514625E199E6006C00E3 /* Release */ = {
			isa = XCBuildConfiguration;
			buildSettings = {
				ALWAYS_EMBED_SWIFT_STANDARD_LIBRARIES = YES;
				CODE_SIGN_STYLE = Automatic;
				INFOPLIST_FILE = SpotifyUITests/Info.plist;
				LD_RUNPATH_SEARCH_PATHS = (
					"$(inherited)",
					"@executable_path/Frameworks",
					"@loader_path/Frameworks",
				);
				PRODUCT_BUNDLE_IDENTIFIER = com.abhi.GITProj.SpotifyUITests;
				PRODUCT_NAME = "$(TARGET_NAME)";
				SWIFT_VERSION = 5.0;
				TARGETED_DEVICE_FAMILY = "1,2";
				TEST_TARGET_NAME = Spotify;
			};
			name = Release;
		};
/* End XCBuildConfiguration section */

/* Begin XCConfigurationList section */
		A3C9510C25E199E5006C00E3 /* Build configuration list for PBXProject "Spotify" */ = {
			isa = XCConfigurationList;
			buildConfigurations = (
				A3C9513C25E199E6006C00E3 /* Debug */,
				A3C9513D25E199E6006C00E3 /* Release */,
			);
			defaultConfigurationIsVisible = 0;
			defaultConfigurationName = Release;
		};
		A3C9513E25E199E6006C00E3 /* Build configuration list for PBXNativeTarget "Spotify" */ = {
			isa = XCConfigurationList;
			buildConfigurations = (
				A3C9513F25E199E6006C00E3 /* Debug */,
				A3C9514025E199E6006C00E3 /* Release */,
			);
			defaultConfigurationIsVisible = 0;
			defaultConfigurationName = Release;
		};
		A3C9514125E199E6006C00E3 /* Build configuration list for PBXNativeTarget "SpotifyTests" */ = {
			isa = XCConfigurationList;
			buildConfigurations = (
				A3C9514225E199E6006C00E3 /* Debug */,
				A3C9514325E199E6006C00E3 /* Release */,
			);
			defaultConfigurationIsVisible = 0;
			defaultConfigurationName = Release;
		};
		A3C9514425E199E6006C00E3 /* Build configuration list for PBXNativeTarget "SpotifyUITests" */ = {
			isa = XCConfigurationList;
			buildConfigurations = (
				A3C9514525E199E6006C00E3 /* Debug */,
				A3C9514625E199E6006C00E3 /* Release */,
			);
			defaultConfigurationIsVisible = 0;
			defaultConfigurationName = Release;
		};
/* End XCConfigurationList section */

/* Begin XCVersionGroup section */
		A3C9511D25E199E5006C00E3 /* Spotify.xcdatamodeld */ = {
			isa = XCVersionGroup;
			children = (
				A3C9511E25E199E5006C00E3 /* Spotify.xcdatamodel */,
			);
			currentVersion = A3C9511E25E199E5006C00E3 /* Spotify.xcdatamodel */;
			path = Spotify.xcdatamodeld;
			sourceTree = "<group>";
			versionGroupType = wrapper.xcdatamodel;
		};
/* End XCVersionGroup section */
	};
	rootObject = A3C9510925E199E5006C00E3 /* Project object */;
}
